
Microsoft Visual Studio Solution File, Format Version 12.00
# Visual Studio 2013
VisualStudioVersion = 12.0.31101.0
MinimumVisualStudioVersion = 10.0.40219.1
Project("{FAE04EC0-301F-11D3-BF4B-00C04F79EFBC}") = "SignalR.SharePoint", "SignalR.SharePoint\SignalR.SharePoint.csproj", "{122396DC-8A28-4C0F-994B-5D8B4E11B4A7}"
EndProject
Project("{FAE04EC0-301F-11D3-BF4B-00C04F79EFBC}") = "SignalR.SharePoint.Demo", "SignalR.SharePoint.Demo\SignalR.SharePoint.Demo.csproj", "{13504C76-8A13-4F6B-B3DD-3E3F433A29E8}"
EndProject
Global
	GlobalSection(SolutionConfigurationPlatforms) = preSolution
		Debug|Any CPU = Debug|Any CPU
		Release|Any CPU = Release|Any CPU
	EndGlobalSection
	GlobalSection(ProjectConfigurationPlatforms) = postSolution
		{122396DC-8A28-4C0F-994B-5D8B4E11B4A7}.Debug|Any CPU.ActiveCfg = Debug|Any CPU
		{122396DC-8A28-4C0F-994B-5D8B4E11B4A7}.Debug|Any CPU.Build.0 = Debug|Any CPU
		{122396DC-8A28-4C0F-994B-5D8B4E11B4A7}.Debug|Any CPU.Deploy.0 = Debug|Any CPU
		{122396DC-8A28-4C0F-994B-5D8B4E11B4A7}.Release|Any CPU.ActiveCfg = Release|Any CPU
		{122396DC-8A28-4C0F-994B-5D8B4E11B4A7}.Release|Any CPU.Build.0 = Release|Any CPU
		{122396DC-8A28-4C0F-994B-5D8B4E11B4A7}.Release|Any CPU.Deploy.0 = Release|Any CPU
		{13504C76-8A13-4F6B-B3DD-3E3F433A29E8}.Debug|Any CPU.ActiveCfg = Debug|Any CPU
		{13504C76-8A13-4F6B-B3DD-3E3F433A29E8}.Debug|Any CPU.Build.0 = Debug|Any CPU
		{13504C76-8A13-4F6B-B3DD-3E3F433A29E8}.Debug|Any CPU.Deploy.0 = Debug|Any CPU
		{13504C76-8A13-4F6B-B3DD-3E3F433A29E8}.Release|Any CPU.ActiveCfg = Release|Any CPU
		{13504C76-8A13-4F6B-B3DD-3E3F433A29E8}.Release|Any CPU.Build.0 = Release|Any CPU
		{13504C76-8A13-4F6B-B3DD-3E3F433A29E8}.Release|Any CPU.Deploy.0 = Release|Any CPU
	EndGlobalSection
	GlobalSection(SolutionProperties) = preSolution
		HideSolutionNode = FALSE
	EndGlobalSection
EndGlobal
